// !$*UTF8*$!
{
	archiveVersion = 1;
	classes = {
	};
	objectVersion = 55;
	objects = {

/* Begin PBXBuildFile section */
		FD445F6228762F6B00C41B89 /* AppDelegate.swift in Sources */ = {isa = PBXBuildFile; fileRef = FD445F6128762F6B00C41B89 /* AppDelegate.swift */; };
		FD445F6428762F6B00C41B89 /* SceneDelegate.swift in Sources */ = {isa = PBXBuildFile; fileRef = FD445F6328762F6B00C41B89 /* SceneDelegate.swift */; };
		FD445F6628762F6B00C41B89 /* ViewController.swift in Sources */ = {isa = PBXBuildFile; fileRef = FD445F6528762F6B00C41B89 /* ViewController.swift */; };
		FD445F6928762F6B00C41B89 /* Main.storyboard in Resources */ = {isa = PBXBuildFile; fileRef = FD445F6728762F6B00C41B89 /* Main.storyboard */; };
		FD445F6B28762F6E00C41B89 /* Assets.xcassets in Resources */ = {isa = PBXBuildFile; fileRef = FD445F6A28762F6E00C41B89 /* Assets.xcassets */; };
		FD445F6E28762F6E00C41B89 /* LaunchScreen.storyboard in Resources */ = {isa = PBXBuildFile; fileRef = FD445F6C28762F6E00C41B89 /* LaunchScreen.storyboard */; };
		FD445F7928762F6F00C41B89 /* CoolCalculatorTests.swift in Sources */ = {isa = PBXBuildFile; fileRef = FD445F7828762F6F00C41B89 /* CoolCalculatorTests.swift */; };
		FD445F8328762F6F00C41B89 /* CoolCalculatorUITests.swift in Sources */ = {isa = PBXBuildFile; fileRef = FD445F8228762F6F00C41B89 /* CoolCalculatorUITests.swift */; };
		FD445F8528762F6F00C41B89 /* CoolCalculatorUITestsLaunchTests.swift in Sources */ = {isa = PBXBuildFile; fileRef = FD445F8428762F6F00C41B89 /* CoolCalculatorUITestsLaunchTests.swift */; };
/* End PBXBuildFile section */

/* Begin PBXContainerItemProxy section */
		FD445F7528762F6F00C41B89 /* PBXContainerItemProxy */ = {
			isa = PBXContainerItemProxy;
			containerPortal = FD445F5628762F6B00C41B89 /* Project object */;
			proxyType = 1;
			remoteGlobalIDString = FD445F5D28762F6B00C41B89;
			remoteInfo = CoolCalculator;
		};
		FD445F7F28762F6F00C41B89 /* PBXContainerItemProxy */ = {
			isa = PBXContainerItemProxy;
			containerPortal = FD445F5628762F6B00C41B89 /* Project object */;
			proxyType = 1;
			remoteGlobalIDString = FD445F5D28762F6B00C41B89;
			remoteInfo = CoolCalculator;
		};
/* End PBXContainerItemProxy section */

/* Begin PBXFileReference section */
		FD445F5E28762F6B00C41B89 /* CoolCalculator.app */ = {isa = PBXFileReference; explicitFileType = wrapper.application; includeInIndex = 0; path = CoolCalculator.app; sourceTree = BUILT_PRODUCTS_DIR; };
		FD445F6128762F6B00C41B89 /* AppDelegate.swift */ = {isa = PBXFileReference; lastKnownFileType = sourcecode.swift; path = AppDelegate.swift; sourceTree = "<group>"; };
		FD445F6328762F6B00C41B89 /* SceneDelegate.swift */ = {isa = PBXFileReference; lastKnownFileType = sourcecode.swift; path = SceneDelegate.swift; sourceTree = "<group>"; };
		FD445F6528762F6B00C41B89 /* ViewController.swift */ = {isa = PBXFileReference; lastKnownFileType = sourcecode.swift; path = ViewController.swift; sourceTree = "<group>"; };
		FD445F6828762F6B00C41B89 /* Base */ = {isa = PBXFileReference; lastKnownFileType = file.storyboard; name = Base; path = Base.lproj/Main.storyboard; sourceTree = "<group>"; };
		FD445F6A28762F6E00C41B89 /* Assets.xcassets */ = {isa = PBXFileReference; lastKnownFileType = folder.assetcatalog; path = Assets.xcassets; sourceTree = "<group>"; };
		FD445F6D28762F6E00C41B89 /* Base */ = {isa = PBXFileReference; lastKnownFileType = file.storyboard; name = Base; path = Base.lproj/LaunchScreen.storyboard; sourceTree = "<group>"; };
		FD445F6F28762F6E00C41B89 /* Info.plist */ = {isa = PBXFileReference; lastKnownFileType = text.plist.xml; path = Info.plist; sourceTree = "<group>"; };
		FD445F7428762F6F00C41B89 /* CoolCalculatorTests.xctest */ = {isa = PBXFileReference; explicitFileType = wrapper.cfbundle; includeInIndex = 0; path = CoolCalculatorTests.xctest; sourceTree = BUILT_PRODUCTS_DIR; };
		FD445F7828762F6F00C41B89 /* CoolCalculatorTests.swift */ = {isa = PBXFileReference; lastKnownFileType = sourcecode.swift; path = CoolCalculatorTests.swift; sourceTree = "<group>"; };
		FD445F7E28762F6F00C41B89 /* CoolCalculatorUITests.xctest */ = {isa = PBXFileReference; explicitFileType = wrapper.cfbundle; includeInIndex = 0; path = CoolCalculatorUITests.xctest; sourceTree = BUILT_PRODUCTS_DIR; };
		FD445F8228762F6F00C41B89 /* CoolCalculatorUITests.swift */ = {isa = PBXFileReference; lastKnownFileType = sourcecode.swift; path = CoolCalculatorUITests.swift; sourceTree = "<group>"; };
		FD445F8428762F6F00C41B89 /* CoolCalculatorUITestsLaunchTests.swift */ = {isa = PBXFileReference; lastKnownFileType = sourcecode.swift; path = CoolCalculatorUITestsLaunchTests.swift; sourceTree = "<group>"; };
/* End PBXFileReference section */

/* Begin PBXFrameworksBuildPhase section */
		FD445F5B28762F6B00C41B89 /* Frameworks */ = {
			isa = PBXFrameworksBuildPhase;
			buildActionMask = 2147483647;
			files = (
			);
			runOnlyForDeploymentPostprocessing = 0;
		};
		FD445F7128762F6F00C41B89 /* Frameworks */ = {
			isa = PBXFrameworksBuildPhase;
			buildActionMask = 2147483647;
			files = (
			);
			runOnlyForDeploymentPostprocessing = 0;
		};
		FD445F7B28762F6F00C41B89 /* Frameworks */ = {
			isa = PBXFrameworksBuildPhase;
			buildActionMask = 2147483647;
			files = (
			);
			runOnlyForDeploymentPostprocessing = 0;
		};
/* End PBXFrameworksBuildPhase section */

/* Begin PBXGroup section */
		FD445F5528762F6B00C41B89 = {
			isa = PBXGroup;
			children = (
				FD445F6028762F6B00C41B89 /* CoolCalculator */,
				FD445F7728762F6F00C41B89 /* CoolCalculatorTests */,
				FD445F8128762F6F00C41B89 /* CoolCalculatorUITests */,
				FD445F5F28762F6B00C41B89 /* Products */,
			);
			sourceTree = "<group>";
		};
		FD445F5F28762F6B00C41B89 /* Products */ = {
			isa = PBXGroup;
			children = (
				FD445F5E28762F6B00C41B89 /* CoolCalculator.app */,
				FD445F7428762F6F00C41B89 /* CoolCalculatorTests.xctest */,
				FD445F7E28762F6F00C41B89 /* CoolCalculatorUITests.xctest */,
			);
			name = Products;
			sourceTree = "<group>";
		};
		FD445F6028762F6B00C41B89 /* CoolCalculator */ = {
			isa = PBXGroup;
			children = (
				FD445F6128762F6B00C41B89 /* AppDelegate.swift */,
				FD445F6328762F6B00C41B89 /* SceneDelegate.swift */,
				FD445F6528762F6B00C41B89 /* ViewController.swift */,
				FD445F6728762F6B00C41B89 /* Main.storyboard */,
				FD445F6A28762F6E00C41B89 /* Assets.xcassets */,
				FD445F6C28762F6E00C41B89 /* LaunchScreen.storyboard */,
				FD445F6F28762F6E00C41B89 /* Info.plist */,
			);
			path = CoolCalculator;
			sourceTree = "<group>";
		};
		FD445F7728762F6F00C41B89 /* CoolCalculatorTests */ = {
			isa = PBXGroup;
			children = (
				FD445F7828762F6F00C41B89 /* CoolCalculatorTests.swift */,
			);
			path = CoolCalculatorTests;
			sourceTree = "<group>";
		};
		FD445F8128762F6F00C41B89 /* CoolCalculatorUITests */ = {
			isa = PBXGroup;
			children = (
				FD445F8228762F6F00C41B89 /* CoolCalculatorUITests.swift */,
				FD445F8428762F6F00C41B89 /* CoolCalculatorUITestsLaunchTests.swift */,
			);
			path = CoolCalculatorUITests;
			sourceTree = "<group>";
		};
/* End PBXGroup section */

/* Begin PBXNativeTarget section */
		FD445F5D28762F6B00C41B89 /* CoolCalculator */ = {
			isa = PBXNativeTarget;
			buildConfigurationList = FD445F8828762F6F00C41B89 /* Build configuration list for PBXNativeTarget "CoolCalculator" */;
			buildPhases = (
				FD445F5A28762F6B00C41B89 /* Sources */,
				FD445F5B28762F6B00C41B89 /* Frameworks */,
				FD445F5C28762F6B00C41B89 /* Resources */,
			);
			buildRules = (
			);
			dependencies = (
			);
			name = CoolCalculator;
			productName = CoolCalculator;
			productReference = FD445F5E28762F6B00C41B89 /* CoolCalculator.app */;
			productType = "com.apple.product-type.application";
		};
		FD445F7328762F6F00C41B89 /* CoolCalculatorTests */ = {
			isa = PBXNativeTarget;
			buildConfigurationList = FD445F8B28762F6F00C41B89 /* Build configuration list for PBXNativeTarget "CoolCalculatorTests" */;
			buildPhases = (
				FD445F7028762F6F00C41B89 /* Sources */,
				FD445F7128762F6F00C41B89 /* Frameworks */,
				FD445F7228762F6F00C41B89 /* Resources */,
			);
			buildRules = (
			);
			dependencies = (
				FD445F7628762F6F00C41B89 /* PBXTargetDependency */,
			);
			name = CoolCalculatorTests;
			productName = CoolCalculatorTests;
			productReference = FD445F7428762F6F00C41B89 /* CoolCalculatorTests.xctest */;
			productType = "com.apple.product-type.bundle.unit-test";
		};
		FD445F7D28762F6F00C41B89 /* CoolCalculatorUITests */ = {
			isa = PBXNativeTarget;
			buildConfigurationList = FD445F8E28762F6F00C41B89 /* Build configuration list for PBXNativeTarget "CoolCalculatorUITests" */;
			buildPhases = (
				FD445F7A28762F6F00C41B89 /* Sources */,
				FD445F7B28762F6F00C41B89 /* Frameworks */,
				FD445F7C28762F6F00C41B89 /* Resources */,
			);
			buildRules = (
			);
			dependencies = (
				FD445F8028762F6F00C41B89 /* PBXTargetDependency */,
			);
			name = CoolCalculatorUITests;
			productName = CoolCalculatorUITests;
			productReference = FD445F7E28762F6F00C41B89 /* CoolCalculatorUITests.xctest */;
			productType = "com.apple.product-type.bundle.ui-testing";
		};
/* End PBXNativeTarget section */

/* Begin PBXProject section */
		FD445F5628762F6B00C41B89 /* Project object */ = {
			isa = PBXProject;
			attributes = {
				BuildIndependentTargetsInParallel = 1;
				LastSwiftUpdateCheck = 1340;
				LastUpgradeCheck = 1340;
				TargetAttributes = {
					FD445F5D28762F6B00C41B89 = {
						CreatedOnToolsVersion = 13.4.1;
					};
					FD445F7328762F6F00C41B89 = {
						CreatedOnToolsVersion = 13.4.1;
						TestTargetID = FD445F5D28762F6B00C41B89;
					};
					FD445F7D28762F6F00C41B89 = {
						CreatedOnToolsVersion = 13.4.1;
						TestTargetID = FD445F5D28762F6B00C41B89;
					};
				};
			};
			buildConfigurationList = FD445F5928762F6B00C41B89 /* Build configuration list for PBXProject "CoolCalculator" */;
			compatibilityVersion = "Xcode 13.0";
			developmentRegion = en;
			hasScannedForEncodings = 0;
			knownRegions = (
				en,
				Base,
			);
			mainGroup = FD445F5528762F6B00C41B89;
			productRefGroup = FD445F5F28762F6B00C41B89 /* Products */;
			projectDirPath = "";
			projectRoot = "";
			targets = (
				FD445F5D28762F6B00C41B89 /* CoolCalculator */,
				FD445F7328762F6F00C41B89 /* CoolCalculatorTests */,
				FD445F7D28762F6F00C41B89 /* CoolCalculatorUITests */,
			);
		};
/* End PBXProject section */

/* Begin PBXResourcesBuildPhase section */
		FD445F5C28762F6B00C41B89 /* Resources */ = {
			isa = PBXResourcesBuildPhase;
			buildActionMask = 2147483647;
			files = (
				FD445F6E28762F6E00C41B89 /* LaunchScreen.storyboard in Resources */,
				FD445F6B28762F6E00C41B89 /* Assets.xcassets in Resources */,
				FD445F6928762F6B00C41B89 /* Main.storyboard in Resources */,
			);
			runOnlyForDeploymentPostprocessing = 0;
		};
		FD445F7228762F6F00C41B89 /* Resources */ = {
			isa = PBXResourcesBuildPhase;
			buildActionMask = 2147483647;
			files = (
			);
			runOnlyForDeploymentPostprocessing = 0;
		};
		FD445F7C28762F6F00C41B89 /* Resources */ = {
			isa = PBXResourcesBuildPhase;
			buildActionMask = 2147483647;
			files = (
			);
			runOnlyForDeploymentPostprocessing = 0;
		};
/* End PBXResourcesBuildPhase section */

/* Begin PBXSourcesBuildPhase section */
		FD445F5A28762F6B00C41B89 /* Sources */ = {
			isa = PBXSourcesBuildPhase;
			buildActionMask = 2147483647;
			files = (
				FD445F6628762F6B00C41B89 /* ViewController.swift in Sources */,
				FD445F6228762F6B00C41B89 /* AppDelegate.swift in Sources */,
				FD445F6428762F6B00C41B89 /* SceneDelegate.swift in Sources */,
			);
			runOnlyForDeploymentPostprocessing = 0;
		};
		FD445F7028762F6F00C41B89 /* Sources */ = {
			isa = PBXSourcesBuildPhase;
			buildActionMask = 2147483647;
			files = (
				FD445F7928762F6F00C41B89 /* CoolCalculatorTests.swift in Sources */,
			);
			runOnlyForDeploymentPostprocessing = 0;
		};
		FD445F7A28762F6F00C41B89 /* Sources */ = {
			isa = PBXSourcesBuildPhase;
			buildActionMask = 2147483647;
			files = (
				FD445F8328762F6F00C41B89 /* CoolCalculatorUITests.swift in Sources */,
				FD445F8528762F6F00C41B89 /* CoolCalculatorUITestsLaunchTests.swift in Sources */,
			);
			runOnlyForDeploymentPostprocessing = 0;
		};
/* End PBXSourcesBuildPhase section */

/* Begin PBXTargetDependency section */
		FD445F7628762F6F00C41B89 /* PBXTargetDependency */ = {
			isa = PBXTargetDependency;
			target = FD445F5D28762F6B00C41B89 /* CoolCalculator */;
			targetProxy = FD445F7528762F6F00C41B89 /* PBXContainerItemProxy */;
		};
		FD445F8028762F6F00C41B89 /* PBXTargetDependency */ = {
			isa = PBXTargetDependency;
			target = FD445F5D28762F6B00C41B89 /* CoolCalculator */;
			targetProxy = FD445F7F28762F6F00C41B89 /* PBXContainerItemProxy */;
		};
/* End PBXTargetDependency section */

/* Begin PBXVariantGroup section */
		FD445F6728762F6B00C41B89 /* Main.storyboard */ = {
			isa = PBXVariantGroup;
			children = (
				FD445F6828762F6B00C41B89 /* Base */,
			);
			name = Main.storyboard;
			sourceTree = "<group>";
		};
		FD445F6C28762F6E00C41B89 /* LaunchScreen.storyboard */ = {
			isa = PBXVariantGroup;
			children = (
				FD445F6D28762F6E00C41B89 /* Base */,
			);
			name = LaunchScreen.storyboard;
			sourceTree = "<group>";
		};
/* End PBXVariantGroup section */

/* Begin XCBuildConfiguration section */
		FD445F8628762F6F00C41B89 /* Debug */ = {
			isa = XCBuildConfiguration;
			buildSettings = {
				ALWAYS_SEARCH_USER_PATHS = NO;
				CLANG_ANALYZER_NONNULL = YES;
				CLANG_ANALYZER_NUMBER_OBJECT_CONVERSION = YES_AGGRESSIVE;
				CLANG_CXX_LANGUAGE_STANDARD = "gnu++17";
				CLANG_ENABLE_MODULES = YES;
				CLANG_ENABLE_OBJC_ARC = YES;
				CLANG_ENABLE_OBJC_WEAK = YES;
				CLANG_WARN_BLOCK_CAPTURE_AUTORELEASING = YES;
				CLANG_WARN_BOOL_CONVERSION = YES;
				CLANG_WARN_COMMA = YES;
				CLANG_WARN_CONSTANT_CONVERSION = YES;
				CLANG_WARN_DEPRECATED_OBJC_IMPLEMENTATIONS = YES;
				CLANG_WARN_DIRECT_OBJC_ISA_USAGE = YES_ERROR;
				CLANG_WARN_DOCUMENTATION_COMMENTS = YES;
				CLANG_WARN_EMPTY_BODY = YES;
				CLANG_WARN_ENUM_CONVERSION = YES;
				CLANG_WARN_INFINITE_RECURSION = YES;
				CLANG_WARN_INT_CONVERSION = YES;
				CLANG_WARN_NON_LITERAL_NULL_CONVERSION = YES;
				CLANG_WARN_OBJC_IMPLICIT_RETAIN_SELF = YES;
				CLANG_WARN_OBJC_LITERAL_CONVERSION = YES;
				CLANG_WARN_OBJC_ROOT_CLASS = YES_ERROR;
				CLANG_WARN_QUOTED_INCLUDE_IN_FRAMEWORK_HEADER = YES;
				CLANG_WARN_RANGE_LOOP_ANALYSIS = YES;
				CLANG_WARN_STRICT_PROTOTYPES = YES;
				CLANG_WARN_SUSPICIOUS_MOVE = YES;
				CLANG_WARN_UNGUARDED_AVAILABILITY = YES_AGGRESSIVE;
				CLANG_WARN_UNREACHABLE_CODE = YES;
				CLANG_WARN__DUPLICATE_METHOD_MATCH = YES;
				COPY_PHASE_STRIP = NO;
				DEBUG_INFORMATION_FORMAT = dwarf;
				ENABLE_STRICT_OBJC_MSGSEND = YES;
				ENABLE_TESTABILITY = YES;
				GCC_C_LANGUAGE_STANDARD = gnu11;
				GCC_DYNAMIC_NO_PIC = NO;
				GCC_NO_COMMON_BLOCKS = YES;
				GCC_OPTIMIZATION_LEVEL = 0;
				GCC_PREPROCESSOR_DEFINITIONS = (
					"DEBUG=1",
					"$(inherited)",
				);
				GCC_WARN_64_TO_32_BIT_CONVERSION = YES;
				GCC_WARN_ABOUT_RETURN_TYPE = YES_ERROR;
				GCC_WARN_UNDECLARED_SELECTOR = YES;
				GCC_WARN_UNINITIALIZED_AUTOS = YES_AGGRESSIVE;
				GCC_WARN_UNUSED_FUNCTION = YES;
				GCC_WARN_UNUSED_VARIABLE = YES;
				IPHONEOS_DEPLOYMENT_TARGET = 15.5;
				MTL_ENABLE_DEBUG_INFO = INCLUDE_SOURCE;
				MTL_FAST_MATH = YES;
				ONLY_ACTIVE_ARCH = YES;
				SDKROOT = iphoneos;
				SWIFT_ACTIVE_COMPILATION_CONDITIONS = DEBUG;
				SWIFT_OPTIMIZATION_LEVEL = "-Onone";
			};
			name = Debug;
		};
		FD445F8728762F6F00C41B89 /* Release */ = {
			isa = XCBuildConfiguration;
			buildSettings = {
				ALWAYS_SEARCH_USER_PATHS = NO;
				CLANG_ANALYZER_NONNULL = YES;
				CLANG_ANALYZER_NUMBER_OBJECT_CONVERSION = YES_AGGRESSIVE;
				CLANG_CXX_LANGUAGE_STANDARD = "gnu++17";
				CLANG_ENABLE_MODULES = YES;
				CLANG_ENABLE_OBJC_ARC = YES;
				CLANG_ENABLE_OBJC_WEAK = YES;
				CLANG_WARN_BLOCK_CAPTURE_AUTORELEASING = YES;
				CLANG_WARN_BOOL_CONVERSION = YES;
				CLANG_WARN_COMMA = YES;
				CLANG_WARN_CONSTANT_CONVERSION = YES;
				CLANG_WARN_DEPRECATED_OBJC_IMPLEMENTATIONS = YES;
				CLANG_WARN_DIRECT_OBJC_ISA_USAGE = YES_ERROR;
				CLANG_WARN_DOCUMENTATION_COMMENTS = YES;
				CLANG_WARN_EMPTY_BODY = YES;
				CLANG_WARN_ENUM_CONVERSION = YES;
				CLANG_WARN_INFINITE_RECURSION = YES;
				CLANG_WARN_INT_CONVERSION = YES;
				CLANG_WARN_NON_LITERAL_NULL_CONVERSION = YES;
				CLANG_WARN_OBJC_IMPLICIT_RETAIN_SELF = YES;
				CLANG_WARN_OBJC_LITERAL_CONVERSION = YES;
				CLANG_WARN_OBJC_ROOT_CLASS = YES_ERROR;
				CLANG_WARN_QUOTED_INCLUDE_IN_FRAMEWORK_HEADER = YES;
				CLANG_WARN_RANGE_LOOP_ANALYSIS = YES;
				CLANG_WARN_STRICT_PROTOTYPES = YES;
				CLANG_WARN_SUSPICIOUS_MOVE = YES;
				CLANG_WARN_UNGUARDED_AVAILABILITY = YES_AGGRESSIVE;
				CLANG_WARN_UNREACHABLE_CODE = YES;
				CLANG_WARN__DUPLICATE_METHOD_MATCH = YES;
				COPY_PHASE_STRIP = NO;
				DEBUG_INFORMATION_FORMAT = "dwarf-with-dsym";
				ENABLE_NS_ASSERTIONS = NO;
				ENABLE_STRICT_OBJC_MSGSEND = YES;
				GCC_C_LANGUAGE_STANDARD = gnu11;
				GCC_NO_COMMON_BLOCKS = YES;
				GCC_WARN_64_TO_32_BIT_CONVERSION = YES;
				GCC_WARN_ABOUT_RETURN_TYPE = YES_ERROR;
				GCC_WARN_UNDECLARED_SELECTOR = YES;
				GCC_WARN_UNINITIALIZED_AUTOS = YES_AGGRESSIVE;
				GCC_WARN_UNUSED_FUNCTION = YES;
				GCC_WARN_UNUSED_VARIABLE = YES;
				IPHONEOS_DEPLOYMENT_TARGET = 15.5;
				MTL_ENABLE_DEBUG_INFO = NO;
				MTL_FAST_MATH = YES;
				SDKROOT = iphoneos;
				SWIFT_COMPILATION_MODE = wholemodule;
				SWIFT_OPTIMIZATION_LEVEL = "-O";
				VALIDATE_PRODUCT = YES;
			};
			name = Release;
		};
		FD445F8928762F6F00C41B89 /* Debug */ = {
			isa = XCBuildConfiguration;
			buildSettings = {
				ASSETCATALOG_COMPILER_APPICON_NAME = AppIcon;
				ASSETCATALOG_COMPILER_GLOBAL_ACCENT_COLOR_NAME = AccentColor;
				CODE_SIGN_STYLE = Automatic;
				CURRENT_PROJECT_VERSION = 1;
				DEVELOPMENT_TEAM = 2R629Q9U2C;
				GENERATE_INFOPLIST_FILE = YES;
				INFOPLIST_FILE = CoolCalculator/Info.plist;
				INFOPLIST_KEY_UIApplicationSupportsIndirectInputEvents = YES;
				INFOPLIST_KEY_UILaunchStoryboardName = LaunchScreen;
				INFOPLIST_KEY_UIMainStoryboardFile = Main;
				INFOPLIST_KEY_UISupportedInterfaceOrientations_iPad = "UIInterfaceOrientationPortrait UIInterfaceOrientationPortraitUpsideDown UIInterfaceOrientationLandscapeLeft UIInterfaceOrientationLandscapeRight";
				INFOPLIST_KEY_UISupportedInterfaceOrientations_iPhone = "UIInterfaceOrientationPortrait UIInterfaceOrientationLandscapeLeft UIInterfaceOrientationLandscapeRight";
				LD_RUNPATH_SEARCH_PATHS = (
					"$(inherited)",
					"@executable_path/Frameworks",
				);
				MARKETING_VERSION = 1.0;
				PRODUCT_BUNDLE_IDENTIFIER = info.CoolCalculator;
				PRODUCT_NAME = "$(TARGET_NAME)";
				SWIFT_EMIT_LOC_STRINGS = YES;
				SWIFT_VERSION = 5.0;
				TARGETED_DEVICE_FAMILY = "1,2";
			};
			name = Debug;
		};
		FD445F8A28762F6F00C41B89 /* Release */ = {
			isa = XCBuildConfiguration;
			buildSettings = {
				ASSETCATALOG_COMPILER_APPICON_NAME = AppIcon;
				ASSETCATALOG_COMPILER_GLOBAL_ACCENT_COLOR_NAME = AccentColor;
				CODE_SIGN_STYLE = Automatic;
				CURRENT_PROJECT_VERSION = 1;
				DEVELOPMENT_TEAM = 2R629Q9U2C;
				GENERATE_INFOPLIST_FILE = YES;
				INFOPLIST_FILE = CoolCalculator/Info.plist;
				INFOPLIST_KEY_UIApplicationSupportsIndirectInputEvents = YES;
				INFOPLIST_KEY_UILaunchStoryboardName = LaunchScreen;
				INFOPLIST_KEY_UIMainStoryboardFile = Main;
				INFOPLIST_KEY_UISupportedInterfaceOrientations_iPad = "UIInterfaceOrientationPortrait UIInterfaceOrientationPortraitUpsideDown UIInterfaceOrientationLandscapeLeft UIInterfaceOrientationLandscapeRight";
				INFOPLIST_KEY_UISupportedInterfaceOrientations_iPhone = "UIInterfaceOrientationPortrait UIInterfaceOrientationLandscapeLeft UIInterfaceOrientationLandscapeRight";
				LD_RUNPATH_SEARCH_PATHS = (
					"$(inherited)",
					"@executable_path/Frameworks",
				);
				MARKETING_VERSION = 1.0;
				PRODUCT_BUNDLE_IDENTIFIER = info.CoolCalculator;
				PRODUCT_NAME = "$(TARGET_NAME)";
				SWIFT_EMIT_LOC_STRINGS = YES;
				SWIFT_VERSION = 5.0;
				TARGETED_DEVICE_FAMILY = "1,2";
			};
			name = Release;
		};
		FD445F8C28762F6F00C41B89 /* Debug */ = {
			isa = XCBuildConfiguration;
			buildSettings = {
				ALWAYS_EMBED_SWIFT_STANDARD_LIBRARIES = YES;
				BUNDLE_LOADER = "$(TEST_HOST)";
				CODE_SIGN_STYLE = Automatic;
				CURRENT_PROJECT_VERSION = 1;
				DEVELOPMENT_TEAM = 2R629Q9U2C;
				GENERATE_INFOPLIST_FILE = YES;
				IPHONEOS_DEPLOYMENT_TARGET = 15.5;
				MARKETING_VERSION = 1.0;
				PRODUCT_BUNDLE_IDENTIFIER = info.CoolCalculatorTests;
				PRODUCT_NAME = "$(TARGET_NAME)";
				SWIFT_EMIT_LOC_STRINGS = NO;
				SWIFT_VERSION = 5.0;
				TARGETED_DEVICE_FAMILY = "1,2";
				TEST_HOST = "$(BUILT_PRODUCTS_DIR)/CoolCalculator.app/CoolCalculator";
			};
			name = Debug;
		};
		FD445F8D28762F6F00C41B89 /* Release */ = {
			isa = XCBuildConfiguration;
			buildSettings = {
				ALWAYS_EMBED_SWIFT_STANDARD_LIBRARIES = YES;
				BUNDLE_LOADER = "$(TEST_HOST)";
				CODE_SIGN_STYLE = Automatic;
				CURRENT_PROJECT_VERSION = 1;
				DEVELOPMENT_TEAM = 2R629Q9U2C;
				GENERATE_INFOPLIST_FILE = YES;
				IPHONEOS_DEPLOYMENT_TARGET = 15.5;
				MARKETING_VERSION = 1.0;
				PRODUCT_BUNDLE_IDENTIFIER = info.CoolCalculatorTests;
				PRODUCT_NAME = "$(TARGET_NAME)";
				SWIFT_EMIT_LOC_STRINGS = NO;
				SWIFT_VERSION = 5.0;
				TARGETED_DEVICE_FAMILY = "1,2";
				TEST_HOST = "$(BUILT_PRODUCTS_DIR)/CoolCalculator.app/CoolCalculator";
			};
			name = Release;
		};
		FD445F8F28762F6F00C41B89 /* Debug */ = {
			isa = XCBuildConfiguration;
			buildSettings = {
				ALWAYS_EMBED_SWIFT_STANDARD_LIBRARIES = YES;
				CODE_SIGN_STYLE = Automatic;
				CURRENT_PROJECT_VERSION = 1;
				DEVELOPMENT_TEAM = 2R629Q9U2C;
				GENERATE_INFOPLIST_FILE = YES;
				MARKETING_VERSION = 1.0;
				PRODUCT_BUNDLE_IDENTIFIER = info.CoolCalculatorUITests;
				PRODUCT_NAME = "$(TARGET_NAME)";
				SWIFT_EMIT_LOC_STRINGS = NO;
				SWIFT_VERSION = 5.0;
				TARGETED_DEVICE_FAMILY = "1,2";
				TEST_TARGET_NAME = CoolCalculator;
			};
			name = Debug;
		};
		FD445F9028762F6F00C41B89 /* Release */ = {
			isa = XCBuildConfiguration;
			buildSettings = {
				ALWAYS_EMBED_SWIFT_STANDARD_LIBRARIES = YES;
				CODE_SIGN_STYLE = Automatic;
				CURRENT_PROJECT_VERSION = 1;
				DEVELOPMENT_TEAM = 2R629Q9U2C;
				GENERATE_INFOPLIST_FILE = YES;
				MARKETING_VERSION = 1.0;
				PRODUCT_BUNDLE_IDENTIFIER = info.CoolCalculatorUITests;
				PRODUCT_NAME = "$(TARGET_NAME)";
				SWIFT_EMIT_LOC_STRINGS = NO;
				SWIFT_VERSION = 5.0;
				TARGETED_DEVICE_FAMILY = "1,2";
				TEST_TARGET_NAME = CoolCalculator;
			};
			name = Release;
		};
/* End XCBuildConfiguration section */

/* Begin XCConfigurationList section */
		FD445F5928762F6B00C41B89 /* Build configuration list for PBXProject "CoolCalculator" */ = {
			isa = XCConfigurationList;
			buildConfigurations = (
				FD445F8628762F6F00C41B89 /* Debug */,
				FD445F8728762F6F00C41B89 /* Release */,
			);
			defaultConfigurationIsVisible = 0;
			defaultConfigurationName = Release;
		};
		FD445F8828762F6F00C41B89 /* Build configuration list for PBXNativeTarget "CoolCalculator" */ = {
			isa = XCConfigurationList;
			buildConfigurations = (
				FD445F8928762F6F00C41B89 /* Debug */,
				FD445F8A28762F6F00C41B89 /* Release */,
			);
			defaultConfigurationIsVisible = 0;
			defaultConfigurationName = Release;
		};
		FD445F8B28762F6F00C41B89 /* Build configuration list for PBXNativeTarget "CoolCalculatorTests" */ = {
			isa = XCConfigurationList;
			buildConfigurations = (
				FD445F8C28762F6F00C41B89 /* Debug */,
				FD445F8D28762F6F00C41B89 /* Release */,
			);
			defaultConfigurationIsVisible = 0;
			defaultConfigurationName = Release;
		};
		FD445F8E28762F6F00C41B89 /* Build configuration list for PBXNativeTarget "CoolCalculatorUITests" */ = {
			isa = XCConfigurationList;
			buildConfigurations = (
				FD445F8F28762F6F00C41B89 /* Debug */,
				FD445F9028762F6F00C41B89 /* Release */,
			);
			defaultConfigurationIsVisible = 0;
			defaultConfigurationName = Release;
		};
/* End XCConfigurationList section */
	};
	rootObject = FD445F5628762F6B00C41B89 /* Project object */;
}
